// !$*UTF8*$!
{
	archiveVersion = 1;
	classes = {
	};
	objectVersion = 55;
	objects = {

/* Begin PBXBuildFile section */
		FF2F1FB528064147006B07C2 /* TopNavView.swift in Sources */ = {isa = PBXBuildFile; fileRef = FF2F1FB428064147006B07C2 /* TopNavView.swift */; };
		FF6B27E928061A28006E4D02 /* CameraTrajectoryButtonView.swift in Sources */ = {isa = PBXBuildFile; fileRef = FF6B27E828061A28006E4D02 /* CameraTrajectoryButtonView.swift */; };
		FF9AC9BF28066A7D003CF483 /* TabBarView.swift in Sources */ = {isa = PBXBuildFile; fileRef = FF9AC9BE28066A7D003CF483 /* TabBarView.swift */; };
		FFF2EDB628060C3800988B44 /* BirdCamApp.swift in Sources */ = {isa = PBXBuildFile; fileRef = FFF2EDB528060C3800988B44 /* BirdCamApp.swift */; };
		FFF2EDB828060C3800988B44 /* ContentView.swift in Sources */ = {isa = PBXBuildFile; fileRef = FFF2EDB728060C3800988B44 /* ContentView.swift */; };
		FFF2EDBA28060C4000988B44 /* Assets.xcassets in Resources */ = {isa = PBXBuildFile; fileRef = FFF2EDB928060C4000988B44 /* Assets.xcassets */; };
		FFF2EDBD28060C4000988B44 /* Preview Assets.xcassets in Resources */ = {isa = PBXBuildFile; fileRef = FFF2EDBC28060C4000988B44 /* Preview Assets.xcassets */; };
		FFF2EDC428060D1700988B44 /* CameraControls.swift in Sources */ = {isa = PBXBuildFile; fileRef = FFF2EDC328060D1700988B44 /* CameraControls.swift */; };
		FFF2EDC82806104E00988B44 /* Styles.swift in Sources */ = {isa = PBXBuildFile; fileRef = FFF2EDC72806104E00988B44 /* Styles.swift */; };
		FFF2EDCB2806158E00988B44 /* CameraView.swift in Sources */ = {isa = PBXBuildFile; fileRef = FFF2EDCA2806158E00988B44 /* CameraView.swift */; };
/* End PBXBuildFile section */

/* Begin PBXFileReference section */
		FF2F1FB428064147006B07C2 /* TopNavView.swift */ = {isa = PBXFileReference; lastKnownFileType = sourcecode.swift; path = TopNavView.swift; sourceTree = "<group>"; };
		FF2F1FB628064339006B07C2 /* Info.plist */ = {isa = PBXFileReference; lastKnownFileType = text.plist; path = Info.plist; sourceTree = "<group>"; };
		FF6B27E828061A28006E4D02 /* CameraTrajectoryButtonView.swift */ = {isa = PBXFileReference; lastKnownFileType = sourcecode.swift; path = CameraTrajectoryButtonView.swift; sourceTree = "<group>"; };
		FF9AC9BE28066A7D003CF483 /* TabBarView.swift */ = {isa = PBXFileReference; lastKnownFileType = sourcecode.swift; path = TabBarView.swift; sourceTree = "<group>"; };
		FFF2EDB228060C3800988B44 /* BirdCam.app */ = {isa = PBXFileReference; explicitFileType = wrapper.application; includeInIndex = 0; path = BirdCam.app; sourceTree = BUILT_PRODUCTS_DIR; };
		FFF2EDB528060C3800988B44 /* BirdCamApp.swift */ = {isa = PBXFileReference; lastKnownFileType = sourcecode.swift; path = BirdCamApp.swift; sourceTree = "<group>"; };
		FFF2EDB728060C3800988B44 /* ContentView.swift */ = {isa = PBXFileReference; lastKnownFileType = sourcecode.swift; path = ContentView.swift; sourceTree = "<group>"; };
		FFF2EDB928060C4000988B44 /* Assets.xcassets */ = {isa = PBXFileReference; lastKnownFileType = folder.assetcatalog; path = Assets.xcassets; sourceTree = "<group>"; };
		FFF2EDBC28060C4000988B44 /* Preview Assets.xcassets */ = {isa = PBXFileReference; lastKnownFileType = folder.assetcatalog; path = "Preview Assets.xcassets"; sourceTree = "<group>"; };
		FFF2EDC328060D1700988B44 /* CameraControls.swift */ = {isa = PBXFileReference; lastKnownFileType = sourcecode.swift; path = CameraControls.swift; sourceTree = "<group>"; };
		FFF2EDC72806104E00988B44 /* Styles.swift */ = {isa = PBXFileReference; fileEncoding = 4; lastKnownFileType = sourcecode.swift; path = Styles.swift; sourceTree = "<group>"; };
		FFF2EDCA2806158E00988B44 /* CameraView.swift */ = {isa = PBXFileReference; lastKnownFileType = sourcecode.swift; path = CameraView.swift; sourceTree = "<group>"; };
/* End PBXFileReference section */

/* Begin PBXFrameworksBuildPhase section */
		FFF2EDAF28060C3800988B44 /* Frameworks */ = {
			isa = PBXFrameworksBuildPhase;
			buildActionMask = 2147483647;
			files = (
			);
			runOnlyForDeploymentPostprocessing = 0;
		};
/* End PBXFrameworksBuildPhase section */

/* Begin PBXGroup section */
		FFF2EDA928060C3800988B44 = {
			isa = PBXGroup;
			children = (
				FFF2EDB428060C3800988B44 /* BirdCam */,
				FFF2EDB328060C3800988B44 /* Products */,
			);
			sourceTree = "<group>";
		};
		FFF2EDB328060C3800988B44 /* Products */ = {
			isa = PBXGroup;
			children = (
				FFF2EDB228060C3800988B44 /* BirdCam.app */,
			);
			name = Products;
			sourceTree = "<group>";
		};
		FFF2EDB428060C3800988B44 /* BirdCam */ = {
			isa = PBXGroup;
			children = (
				FF2F1FB628064339006B07C2 /* Info.plist */,
				FFF2EDCC280615E300988B44 /* Helpers */,
				FFF2EDC92806157300988B44 /* CameraView */,
				FF9AC9BE28066A7D003CF483 /* TabBarView.swift */,
				FFF2EDB728060C3800988B44 /* ContentView.swift */,
				FFF2EDB528060C3800988B44 /* BirdCamApp.swift */,
				FFF2EDB928060C4000988B44 /* Assets.xcassets */,
				FFF2EDBB28060C4000988B44 /* Preview Content */,
			);
			path = BirdCam;
			sourceTree = "<group>";
		};
		FFF2EDBB28060C4000988B44 /* Preview Content */ = {
			isa = PBXGroup;
			children = (
				FFF2EDBC28060C4000988B44 /* Preview Assets.xcassets */,
			);
			path = "Preview Content";
			sourceTree = "<group>";
		};
		FFF2EDC92806157300988B44 /* CameraView */ = {
			isa = PBXGroup;
			children = (
				FF6B27E828061A28006E4D02 /* CameraTrajectoryButtonView.swift */,
				FFF2EDC328060D1700988B44 /* CameraControls.swift */,
				FF2F1FB428064147006B07C2 /* TopNavView.swift */,
				FFF2EDCA2806158E00988B44 /* CameraView.swift */,
			);
			path = CameraView;
			sourceTree = "<group>";
		};
		FFF2EDCC280615E300988B44 /* Helpers */ = {
			isa = PBXGroup;
			children = (
				FFF2EDC72806104E00988B44 /* Styles.swift */,
			);
			path = Helpers;
			sourceTree = "<group>";
		};
/* End PBXGroup section */

/* Begin PBXNativeTarget section */
		FFF2EDB128060C3800988B44 /* BirdCam */ = {
			isa = PBXNativeTarget;
			buildConfigurationList = FFF2EDC028060C4000988B44 /* Build configuration list for PBXNativeTarget "BirdCam" */;
			buildPhases = (
				FFF2EDAE28060C3800988B44 /* Sources */,
				FFF2EDAF28060C3800988B44 /* Frameworks */,
				FFF2EDB028060C3800988B44 /* Resources */,
			);
			buildRules = (
			);
			dependencies = (
			);
			name = BirdCam;
			productName = BirdCam;
			productReference = FFF2EDB228060C3800988B44 /* BirdCam.app */;
			productType = "com.apple.product-type.application";
		};
/* End PBXNativeTarget section */

/* Begin PBXProject section */
		FFF2EDAA28060C3800988B44 /* Project object */ = {
			isa = PBXProject;
			attributes = {
				BuildIndependentTargetsInParallel = 1;
				LastSwiftUpdateCheck = 1330;
				LastUpgradeCheck = 1330;
				TargetAttributes = {
					FFF2EDB128060C3800988B44 = {
						CreatedOnToolsVersion = 13.3;
					};
				};
			};
			buildConfigurationList = FFF2EDAD28060C3800988B44 /* Build configuration list for PBXProject "BirdCam" */;
			compatibilityVersion = "Xcode 13.0";
			developmentRegion = en;
			hasScannedForEncodings = 0;
			knownRegions = (
				en,
				Base,
			);
			mainGroup = FFF2EDA928060C3800988B44;
			productRefGroup = FFF2EDB328060C3800988B44 /* Products */;
			projectDirPath = "";
			projectRoot = "";
			targets = (
				FFF2EDB128060C3800988B44 /* BirdCam */,
			);
		};
/* End PBXProject section */

/* Begin PBXResourcesBuildPhase section */
		FFF2EDB028060C3800988B44 /* Resources */ = {
			isa = PBXResourcesBuildPhase;
			buildActionMask = 2147483647;
			files = (
				FFF2EDBD28060C4000988B44 /* Preview Assets.xcassets in Resources */,
				FFF2EDBA28060C4000988B44 /* Assets.xcassets in Resources */,
			);
			runOnlyForDeploymentPostprocessing = 0;
		};
/* End PBXResourcesBuildPhase section */

/* Begin PBXSourcesBuildPhase section */
		FFF2EDAE28060C3800988B44 /* Sources */ = {
			isa = PBXSourcesBuildPhase;
			buildActionMask = 2147483647;
			files = (
				FF6B27E928061A28006E4D02 /* CameraTrajectoryButtonView.swift in Sources */,
				FFF2EDB828060C3800988B44 /* ContentView.swift in Sources */,
				FF9AC9BF28066A7D003CF483 /* TabBarView.swift in Sources */,
				FFF2EDC82806104E00988B44 /* Styles.swift in Sources */,
				FF2F1FB528064147006B07C2 /* TopNavView.swift in Sources */,
				FFF2EDC428060D1700988B44 /* CameraControls.swift in Sources */,
				FFF2EDCB2806158E00988B44 /* CameraView.swift in Sources */,
				FFF2EDB628060C3800988B44 /* BirdCamApp.swift in Sources */,
			);
			runOnlyForDeploymentPostprocessing = 0;
		};
/* End PBXSourcesBuildPhase section */

/* Begin XCBuildConfiguration section */
		FFF2EDBE28060C4000988B44 /* Debug */ = {
			isa = XCBuildConfiguration;
			buildSettings = {
				ALWAYS_SEARCH_USER_PATHS = NO;
				CLANG_ANALYZER_NONNULL = YES;
				CLANG_ANALYZER_NUMBER_OBJECT_CONVERSION = YES_AGGRESSIVE;
				CLANG_CXX_LANGUAGE_STANDARD = "gnu++17";
				CLANG_ENABLE_MODULES = YES;
				CLANG_ENABLE_OBJC_ARC = YES;
				CLANG_ENABLE_OBJC_WEAK = YES;
				CLANG_WARN_BLOCK_CAPTURE_AUTORELEASING = YES;
				CLANG_WARN_BOOL_CONVERSION = YES;
				CLANG_WARN_COMMA = YES;
				CLANG_WARN_CONSTANT_CONVERSION = YES;
				CLANG_WARN_DEPRECATED_OBJC_IMPLEMENTATIONS = YES;
				CLANG_WARN_DIRECT_OBJC_ISA_USAGE = YES_ERROR;
				CLANG_WARN_DOCUMENTATION_COMMENTS = YES;
				CLANG_WARN_EMPTY_BODY = YES;
				CLANG_WARN_ENUM_CONVERSION = YES;
				CLANG_WARN_INFINITE_RECURSION = YES;
				CLANG_WARN_INT_CONVERSION = YES;
				CLANG_WARN_NON_LITERAL_NULL_CONVERSION = YES;
				CLANG_WARN_OBJC_IMPLICIT_RETAIN_SELF = YES;
				CLANG_WARN_OBJC_LITERAL_CONVERSION = YES;
				CLANG_WARN_OBJC_ROOT_CLASS = YES_ERROR;
				CLANG_WARN_QUOTED_INCLUDE_IN_FRAMEWORK_HEADER = YES;
				CLANG_WARN_RANGE_LOOP_ANALYSIS = YES;
				CLANG_WARN_STRICT_PROTOTYPES = YES;
				CLANG_WARN_SUSPICIOUS_MOVE = YES;
				CLANG_WARN_UNGUARDED_AVAILABILITY = YES_AGGRESSIVE;
				CLANG_WARN_UNREACHABLE_CODE = YES;
				CLANG_WARN__DUPLICATE_METHOD_MATCH = YES;
				COPY_PHASE_STRIP = NO;
				DEBUG_INFORMATION_FORMAT = dwarf;
				ENABLE_STRICT_OBJC_MSGSEND = YES;
				ENABLE_TESTABILITY = YES;
				GCC_C_LANGUAGE_STANDARD = gnu11;
				GCC_DYNAMIC_NO_PIC = NO;
				GCC_NO_COMMON_BLOCKS = YES;
				GCC_OPTIMIZATION_LEVEL = 0;
				GCC_PREPROCESSOR_DEFINITIONS = (
					"DEBUG=1",
					"$(inherited)",
				);
				GCC_WARN_64_TO_32_BIT_CONVERSION = YES;
				GCC_WARN_ABOUT_RETURN_TYPE = YES_ERROR;
				GCC_WARN_UNDECLARED_SELECTOR = YES;
				GCC_WARN_UNINITIALIZED_AUTOS = YES_AGGRESSIVE;
				GCC_WARN_UNUSED_FUNCTION = YES;
				GCC_WARN_UNUSED_VARIABLE = YES;
				IPHONEOS_DEPLOYMENT_TARGET = 15.4;
				MTL_ENABLE_DEBUG_INFO = INCLUDE_SOURCE;
				MTL_FAST_MATH = YES;
				ONLY_ACTIVE_ARCH = YES;
				SDKROOT = iphoneos;
				SWIFT_ACTIVE_COMPILATION_CONDITIONS = DEBUG;
				SWIFT_OPTIMIZATION_LEVEL = "-Onone";
			};
			name = Debug;
		};
		FFF2EDBF28060C4000988B44 /* Release */ = {
			isa = XCBuildConfiguration;
			buildSettings = {
				ALWAYS_SEARCH_USER_PATHS = NO;
				CLANG_ANALYZER_NONNULL = YES;
				CLANG_ANALYZER_NUMBER_OBJECT_CONVERSION = YES_AGGRESSIVE;
				CLANG_CXX_LANGUAGE_STANDARD = "gnu++17";
				CLANG_ENABLE_MODULES = YES;
				CLANG_ENABLE_OBJC_ARC = YES;
				CLANG_ENABLE_OBJC_WEAK = YES;
				CLANG_WARN_BLOCK_CAPTURE_AUTORELEASING = YES;
				CLANG_WARN_BOOL_CONVERSION = YES;
				CLANG_WARN_COMMA = YES;
				CLANG_WARN_CONSTANT_CONVERSION = YES;
				CLANG_WARN_DEPRECATED_OBJC_IMPLEMENTATIONS = YES;
				CLANG_WARN_DIRECT_OBJC_ISA_USAGE = YES_ERROR;
				CLANG_WARN_DOCUMENTATION_COMMENTS = YES;
				CLANG_WARN_EMPTY_BODY = YES;
				CLANG_WARN_ENUM_CONVERSION = YES;
				CLANG_WARN_INFINITE_RECURSION = YES;
				CLANG_WARN_INT_CONVERSION = YES;
				CLANG_WARN_NON_LITERAL_NULL_CONVERSION = YES;
				CLANG_WARN_OBJC_IMPLICIT_RETAIN_SELF = YES;
				CLANG_WARN_OBJC_LITERAL_CONVERSION = YES;
				CLANG_WARN_OBJC_ROOT_CLASS = YES_ERROR;
				CLANG_WARN_QUOTED_INCLUDE_IN_FRAMEWORK_HEADER = YES;
				CLANG_WARN_RANGE_LOOP_ANALYSIS = YES;
				CLANG_WARN_STRICT_PROTOTYPES = YES;
				CLANG_WARN_SUSPICIOUS_MOVE = YES;
				CLANG_WARN_UNGUARDED_AVAILABILITY = YES_AGGRESSIVE;
				CLANG_WARN_UNREACHABLE_CODE = YES;
				CLANG_WARN__DUPLICATE_METHOD_MATCH = YES;
				COPY_PHASE_STRIP = NO;
				DEBUG_INFORMATION_FORMAT = "dwarf-with-dsym";
				ENABLE_NS_ASSERTIONS = NO;
				ENABLE_STRICT_OBJC_MSGSEND = YES;
				GCC_C_LANGUAGE_STANDARD = gnu11;
				GCC_NO_COMMON_BLOCKS = YES;
				GCC_WARN_64_TO_32_BIT_CONVERSION = YES;
				GCC_WARN_ABOUT_RETURN_TYPE = YES_ERROR;
				GCC_WARN_UNDECLARED_SELECTOR = YES;
				GCC_WARN_UNINITIALIZED_AUTOS = YES_AGGRESSIVE;
				GCC_WARN_UNUSED_FUNCTION = YES;
				GCC_WARN_UNUSED_VARIABLE = YES;
				IPHONEOS_DEPLOYMENT_TARGET = 15.4;
				MTL_ENABLE_DEBUG_INFO = NO;
				MTL_FAST_MATH = YES;
				SDKROOT = iphoneos;
				SWIFT_COMPILATION_MODE = wholemodule;
				SWIFT_OPTIMIZATION_LEVEL = "-O";
				VALIDATE_PRODUCT = YES;
			};
			name = Release;
		};
		FFF2EDC128060C4000988B44 /* Debug */ = {
			isa = XCBuildConfiguration;
			buildSettings = {
				ASSETCATALOG_COMPILER_APPICON_NAME = AppIcon;
				ASSETCATALOG_COMPILER_GLOBAL_ACCENT_COLOR_NAME = AccentColor;
				CODE_SIGN_STYLE = Automatic;
				CURRENT_PROJECT_VERSION = 1;
				DEVELOPMENT_ASSET_PATHS = "\"BirdCam/Preview Content\"";
				DEVELOPMENT_TEAM = M5B635R5MU;
				ENABLE_PREVIEWS = YES;
				GENERATE_INFOPLIST_FILE = YES;
				INFOPLIST_FILE = BirdCam/Info.plist;
				INFOPLIST_KEY_UIApplicationSceneManifest_Generation = YES;
				INFOPLIST_KEY_UIApplicationSupportsIndirectInputEvents = YES;
				INFOPLIST_KEY_UILaunchScreen_Generation = YES;
				INFOPLIST_KEY_UISupportedInterfaceOrientations_iPad = "UIInterfaceOrientationPortrait UIInterfaceOrientationPortraitUpsideDown UIInterfaceOrientationLandscapeLeft UIInterfaceOrientationLandscapeRight";
				INFOPLIST_KEY_UISupportedInterfaceOrientations_iPhone = "UIInterfaceOrientationPortrait UIInterfaceOrientationLandscapeLeft UIInterfaceOrientationLandscapeRight";
				LD_RUNPATH_SEARCH_PATHS = (
					"$(inherited)",
					"@executable_path/Frameworks",
				);
				MARKETING_VERSION = 1.0;
				PRODUCT_BUNDLE_IDENTIFIER = co.kylestewart.BirdCam;
				PRODUCT_NAME = "$(TARGET_NAME)";
				SWIFT_EMIT_LOC_STRINGS = YES;
				SWIFT_VERSION = 5.0;
				TARGETED_DEVICE_FAMILY = "1,2";
			};
			name = Debug;
		};
		FFF2EDC228060C4000988B44 /* Release */ = {
			isa = XCBuildConfiguration;
			buildSettings = {
				ASSETCATALOG_COMPILER_APPICON_NAME = AppIcon;
				ASSETCATALOG_COMPILER_GLOBAL_ACCENT_COLOR_NAME = AccentColor;
				CODE_SIGN_STYLE = Automatic;
				CURRENT_PROJECT_VERSION = 1;
				DEVELOPMENT_ASSET_PATHS = "\"BirdCam/Preview Content\"";
				DEVELOPMENT_TEAM = M5B635R5MU;
				ENABLE_PREVIEWS = YES;
				GENERATE_INFOPLIST_FILE = YES;
				INFOPLIST_FILE = BirdCam/Info.plist;
				INFOPLIST_KEY_UIApplicationSceneManifest_Generation = YES;
				INFOPLIST_KEY_UIApplicationSupportsIndirectInputEvents = YES;
				INFOPLIST_KEY_UILaunchScreen_Generation = YES;
				INFOPLIST_KEY_UISupportedInterfaceOrientations_iPad = "UIInterfaceOrientationPortrait UIInterfaceOrientationPortraitUpsideDown UIInterfaceOrientationLandscapeLeft UIInterfaceOrientationLandscapeRight";
				INFOPLIST_KEY_UISupportedInterfaceOrientations_iPhone = "UIInterfaceOrientationPortrait UIInterfaceOrientationLandscapeLeft UIInterfaceOrientationLandscapeRight";
				LD_RUNPATH_SEARCH_PATHS = (
					"$(inherited)",
					"@executable_path/Frameworks",
				);
				MARKETING_VERSION = 1.0;
				PRODUCT_BUNDLE_IDENTIFIER = co.kylestewart.BirdCam;
				PRODUCT_NAME = "$(TARGET_NAME)";
				SWIFT_EMIT_LOC_STRINGS = YES;
				SWIFT_VERSION = 5.0;
				TARGETED_DEVICE_FAMILY = "1,2";
			};
			name = Release;
		};
/* End XCBuildConfiguration section */

/* Begin XCConfigurationList section */
		FFF2EDAD28060C3800988B44 /* Build configuration list for PBXProject "BirdCam" */ = {
			isa = XCConfigurationList;
			buildConfigurations = (
				FFF2EDBE28060C4000988B44 /* Debug */,
				FFF2EDBF28060C4000988B44 /* Release */,
			);
			defaultConfigurationIsVisible = 0;
			defaultConfigurationName = Release;
		};
		FFF2EDC028060C4000988B44 /* Build configuration list for PBXNativeTarget "BirdCam" */ = {
			isa = XCConfigurationList;
			buildConfigurations = (
				FFF2EDC128060C4000988B44 /* Debug */,
				FFF2EDC228060C4000988B44 /* Release */,
			);
			defaultConfigurationIsVisible = 0;
			defaultConfigurationName = Release;
		};
/* End XCConfigurationList section */
	};
	rootObject = FFF2EDAA28060C3800988B44 /* Project object */;
}
